
Microsoft Visual Studio Solution File, Format Version 11.00
# Visual C++ Express 2010
Project("{8BC9CEB8-8B4A-11D0-8D11-00A0C91BC942}") = "BHSBIET LIBRARY ASSISTANT 1.0", "BHSBIET LIBRARY ASSISTANT 1.0\BHSBIET LIBRARY ASSISTANT 1.0.vcxproj", "{ABB2A625-171A-4583-A0D7-D42220494D3A}"
EndProject
Global
	GlobalSection(SolutionConfigurationPlatforms) = preSolution
		Debug|Win32 = Debug|Win32
		Release|Win32 = Release|Win32
	EndGlobalSection
	GlobalSection(ProjectConfigurationPlatforms) = postSolution
		{ABB2A625-171A-4583-A0D7-D42220494D3A}.Debug|Win32.ActiveCfg = Debug|Win32
		{ABB2A625-171A-4583-A0D7-D42220494D3A}.Debug|Win32.Build.0 = Debug|Win32
		{ABB2A625-171A-4583-A0D7-D42220494D3A}.Release|Win32.ActiveCfg = Release|Win32
		{ABB2A625-171A-4583-A0D7-D42220494D3A}.Release|Win32.Build.0 = Release|Win32
	EndGlobalSection
	GlobalSection(SolutionProperties) = preSolution
		HideSolutionNode = FALSE
	EndGlobalSection
EndGlobal
